{
  "name": "react-native-mathjax-html-to-svg",
  "version": "1.1.0",
  "lockfileVersion": 3,
  "requires": true,
  "packages": {
    "": {
      "name": "react-native-mathjax-html-to-svg",
      "version": "1.1.0",
      "license": "MIT",
      "dependencies": {
        "html-entities": "^2.4.0",
        "mhchemparser": "^4.2.1",
        "speech-rule-engine": "^5.0.0-beta.3"
      },
      "devDependencies": {
        "typescript": "^5.9.3"
      }
    },
    "node_modules/@xmldom/xmldom": {
      "version": "0.9.8",
      "resolved": "https://registry.npmjs.org/@xmldom/xmldom/-/xmldom-0.9.8.tgz",
      "integrity": "sha512-p96FSY54r+WJ50FIOsCOjyj/wavs8921hG5+kVMmZgKcvIKxMXHTrjNJvRgWa/zuX3B6t2lijLNFaOyuxUH+2A==",
      "engines": {
        "node": ">=14.6"
      }
    },
    "node_modules/commander": {
      "version": "14.0.2",
      "resolved": "https://registry.npmjs.org/commander/-/commander-14.0.2.tgz",
      "integrity": "sha512-TywoWNNRbhoD0BXs1P3ZEScW8W5iKrnbithIl0YH+uCmBd0QpPOA8yc82DS3BIE5Ma6FnBVUsJ7wVUDz4dvOWQ==",
      "engines": {
        "node": ">=20"
      }
    },
    "node_modules/html-entities": {
      "version": "2.6.0",
      "resolved": "https://registry.npmjs.org/html-entities/-/html-entities-2.6.0.tgz",
      "integrity": "sha512-kig+rMn/QOVRvr7c86gQ8lWXq+Hkv6CbAH1hLu+RG338StTpE8Z0b44SDVaqVu7HGKf27frdmUYEs9hTUX/cLQ==",
      "funding": [
        {
          "type": "github",
          "url": "https://github.com/sponsors/mdevils"
        },
        {
          "type": "patreon",
          "url": "https://patreon.com/mdevils"
        }
      ]
    },
    "node_modules/mhchemparser": {
      "version": "4.2.1",
      "resolved": "https://registry.npmjs.org/mhchemparser/-/mhchemparser-4.2.1.tgz",
      "integrity": "sha512-kYmyrCirqJf3zZ9t/0wGgRZ4/ZJw//VwaRVGA75C4nhE60vtnIzhl9J9ndkX/h6hxSN7pjg/cE0VxbnNM+bnDQ=="
    },
    "node_modules/speech-rule-engine": {
      "version": "5.0.0-beta.3",
      "resolved": "https://registry.npmjs.org/speech-rule-engine/-/speech-rule-engine-5.0.0-beta.3.tgz",
      "integrity": "sha512-wSrjCo8h4SJmGtjicD0OrTuCNH/wEaMsV+ktA1D9C2IPnensiP4pfPv+DnEZDMbauC5SCSE1prP5KA0z/W8bLg==",
      "dependencies": {
        "@xmldom/xmldom": "0.9.8",
        "commander": "14.0.2",
        "wicked-good-xpath": "1.3.0"
      },
      "bin": {
        "sre": "bin/sre"
      }
    },
    "node_modules/typescript": {
      "version": "5.9.3",
      "resolved": "https://registry.npmjs.org/typescript/-/typescript-5.9.3.tgz",
      "integrity": "sha512-jl1vZzPDinLr9eUt3J/t7V6FgNEw9QjvBPdysz9KfQDD41fQrC2Y4vKQdiaUpFT4bXlb1RHhLpp8wtm6M5TgSw==",
      "dev": true,
      "bin": {
        "tsc": "bin/tsc",
        "tsserver": "bin/tsserver"
      },
      "engines": {
        "node": ">=14.17"
      }
    },
    "node_modules/wicked-good-xpath": {
      "version": "1.3.0",
      "resolved": "https://registry.npmjs.org/wicked-good-xpath/-/wicked-good-xpath-1.3.0.tgz",
      "integrity": "sha512-Gd9+TUn5nXdwj/hFsPVx5cuHHiF5Bwuc30jZ4+ronF1qHK5O7HD0sgmXWSEgwKquT3ClLoKPVbO6qGwVwLzvAw=="
    }
  }
}
